
Microsoft Visual Studio Solution File, Format Version 12.00
# Visual Studio Version 16
VisualStudioVersion = 16.0.30105.148
MinimumVisualStudioVersion = 10.0.40219.1
Project("{9A19103F-16F7-4668-BE54-9A1E7A4F7556}") = "CompoletTest.Console", "CompoletTest.Console\CompoletTest.Console.csproj", "{ACFE8335-4DB2-483E-99B1-C2E30B67C3B8}"
EndProject
Project("{FAE04EC0-301F-11D3-BF4B-00C04F79EFBC}") = "CompoletTest.WinForms", "CompoletTest.WinForms\CompoletTest.WinForms.csproj", "{B4919E7C-9CAE-425A-BA8F-9EDD07E88FB9}"
EndProject
Project("{FAE04EC0-301F-11D3-BF4B-00C04F79EFBC}") = "CompoletTest.Library", "CompoletTest.Library\CompoletTest.Library.csproj", "{5ADBDABF-D60C-468C-A1A7-FED1EEF92975}"
EndProject
Global
	GlobalSection(SolutionConfigurationPlatforms) = preSolution
		Debug|Any CPU = Debug|Any CPU
		Release|Any CPU = Release|Any CPU
	EndGlobalSection
	GlobalSection(ProjectConfigurationPlatforms) = postSolution
		{ACFE8335-4DB2-483E-99B1-C2E30B67C3B8}.Debug|Any CPU.ActiveCfg = Debug|Any CPU
		{ACFE8335-4DB2-483E-99B1-C2E30B67C3B8}.Debug|Any CPU.Build.0 = Debug|Any CPU
		{ACFE8335-4DB2-483E-99B1-C2E30B67C3B8}.Release|Any CPU.ActiveCfg = Release|Any CPU
		{ACFE8335-4DB2-483E-99B1-C2E30B67C3B8}.Release|Any CPU.Build.0 = Release|Any CPU
		{B4919E7C-9CAE-425A-BA8F-9EDD07E88FB9}.Debug|Any CPU.ActiveCfg = Debug|Any CPU
		{B4919E7C-9CAE-425A-BA8F-9EDD07E88FB9}.Debug|Any CPU.Build.0 = Debug|Any CPU
		{B4919E7C-9CAE-425A-BA8F-9EDD07E88FB9}.Release|Any CPU.ActiveCfg = Release|Any CPU
		{B4919E7C-9CAE-425A-BA8F-9EDD07E88FB9}.Release|Any CPU.Build.0 = Release|Any CPU
		{5ADBDABF-D60C-468C-A1A7-FED1EEF92975}.Debug|Any CPU.ActiveCfg = Debug|Any CPU
		{5ADBDABF-D60C-468C-A1A7-FED1EEF92975}.Debug|Any CPU.Build.0 = Debug|Any CPU
		{5ADBDABF-D60C-468C-A1A7-FED1EEF92975}.Release|Any CPU.ActiveCfg = Release|Any CPU
		{5ADBDABF-D60C-468C-A1A7-FED1EEF92975}.Release|Any CPU.Build.0 = Release|Any CPU
	EndGlobalSection
	GlobalSection(SolutionProperties) = preSolution
		HideSolutionNode = FALSE
	EndGlobalSection
	GlobalSection(ExtensibilityGlobals) = postSolution
		SolutionGuid = {CFDAF0ED-F969-463A-AB44-D7BD55A48BBE}
	EndGlobalSection
EndGlobal
